
Microsoft Visual Studio Solution File, Format Version 12.00
# Visual Studio Version 16
VisualStudioVersion = 16.0.30011.22
MinimumVisualStudioVersion = 10.0.40219.1
Project("{FAE04EC0-301F-11D3-BF4B-00C04F79EFBC}") = "LandmarkAI", "LandmarkAI\LandmarkAI.csproj", "{955EE829-6271-4C8C-95B4-E7E695104275}"
EndProject
Global
	GlobalSection(SolutionConfigurationPlatforms) = preSolution
		Debug|Any CPU = Debug|Any CPU
		Release|Any CPU = Release|Any CPU
	EndGlobalSection
	GlobalSection(ProjectConfigurationPlatforms) = postSolution
		{955EE829-6271-4C8C-95B4-E7E695104275}.Debug|Any CPU.ActiveCfg = Debug|Any CPU
		{955EE829-6271-4C8C-95B4-E7E695104275}.Debug|Any CPU.Build.0 = Debug|Any CPU
		{955EE829-6271-4C8C-95B4-E7E695104275}.Release|Any CPU.ActiveCfg = Release|Any CPU
		{955EE829-6271-4C8C-95B4-E7E695104275}.Release|Any CPU.Build.0 = Release|Any CPU
	EndGlobalSection
	GlobalSection(SolutionProperties) = preSolution
		HideSolutionNode = FALSE
	EndGlobalSection
	GlobalSection(ExtensibilityGlobals) = postSolution
		SolutionGuid = {D2B500C1-466F-4BD8-84C8-913CDD3ED24D}
	EndGlobalSection
EndGlobal
